
Microsoft Visual Studio Solution File, Format Version 12.00
# Visual Studio Version 16
VisualStudioVersion = 16.0.31105.61
MinimumVisualStudioVersion = 10.0.40219.1
Project("{9A19103F-16F7-4668-BE54-9A1E7A4F7556}") = "NetCore.Docker", "NetCore.Docker.csproj", "{2169D65E-485A-45D8-9D04-DA9E4CAC91BA}"
EndProject
Global
	GlobalSection(SolutionConfigurationPlatforms) = preSolution
		Debug|Any CPU = Debug|Any CPU
		Release|Any CPU = Release|Any CPU
	EndGlobalSection
	GlobalSection(ProjectConfigurationPlatforms) = postSolution
		{2169D65E-485A-45D8-9D04-DA9E4CAC91BA}.Debug|Any CPU.ActiveCfg = Debug|Any CPU
		{2169D65E-485A-45D8-9D04-DA9E4CAC91BA}.Debug|Any CPU.Build.0 = Debug|Any CPU
		{2169D65E-485A-45D8-9D04-DA9E4CAC91BA}.Release|Any CPU.ActiveCfg = Release|Any CPU
		{2169D65E-485A-45D8-9D04-DA9E4CAC91BA}.Release|Any CPU.Build.0 = Release|Any CPU
	EndGlobalSection
	GlobalSection(SolutionProperties) = preSolution
		HideSolutionNode = FALSE
	EndGlobalSection
	GlobalSection(ExtensibilityGlobals) = postSolution
		SolutionGuid = {4677BBEC-4A39-4E54-9DD7-188FBE0C2558}
	EndGlobalSection
EndGlobal
