
Microsoft Visual Studio Solution File, Format Version 12.00
# Visual Studio Version 16
VisualStudioVersion = 16.0.31105.61
MinimumVisualStudioVersion = 10.0.40219.1
Project("{9A19103F-16F7-4668-BE54-9A1E7A4F7556}") = "TestReceiver", "TestReceiver.csproj", "{8AB7B9AA-A2CD-4FD7-ACA1-D30B78D8014F}"
EndProject
Global
	GlobalSection(SolutionConfigurationPlatforms) = preSolution
		Debug|Any CPU = Debug|Any CPU
		Release|Any CPU = Release|Any CPU
	EndGlobalSection
	GlobalSection(ProjectConfigurationPlatforms) = postSolution
		{8AB7B9AA-A2CD-4FD7-ACA1-D30B78D8014F}.Debug|Any CPU.ActiveCfg = Debug|Any CPU
		{8AB7B9AA-A2CD-4FD7-ACA1-D30B78D8014F}.Debug|Any CPU.Build.0 = Debug|Any CPU
		{8AB7B9AA-A2CD-4FD7-ACA1-D30B78D8014F}.Release|Any CPU.ActiveCfg = Release|Any CPU
		{8AB7B9AA-A2CD-4FD7-ACA1-D30B78D8014F}.Release|Any CPU.Build.0 = Release|Any CPU
	EndGlobalSection
	GlobalSection(SolutionProperties) = preSolution
		HideSolutionNode = FALSE
	EndGlobalSection
	GlobalSection(ExtensibilityGlobals) = postSolution
		SolutionGuid = {0CBC78E4-DADB-4B4D-9814-358EED092006}
	EndGlobalSection
EndGlobal
