
Microsoft Visual Studio Solution File, Format Version 12.00
# Visual Studio Version 16
VisualStudioVersion = 16.0.31105.61
MinimumVisualStudioVersion = 10.0.40219.1
Project("{9A19103F-16F7-4668-BE54-9A1E7A4F7556}") = "TestSender", "TestSender.csproj", "{BF04A9AC-D60A-4D3C-A998-926F7B0384A1}"
EndProject
Global
	GlobalSection(SolutionConfigurationPlatforms) = preSolution
		Debug|Any CPU = Debug|Any CPU
		Release|Any CPU = Release|Any CPU
	EndGlobalSection
	GlobalSection(ProjectConfigurationPlatforms) = postSolution
		{BF04A9AC-D60A-4D3C-A998-926F7B0384A1}.Debug|Any CPU.ActiveCfg = Debug|Any CPU
		{BF04A9AC-D60A-4D3C-A998-926F7B0384A1}.Debug|Any CPU.Build.0 = Debug|Any CPU
		{BF04A9AC-D60A-4D3C-A998-926F7B0384A1}.Release|Any CPU.ActiveCfg = Release|Any CPU
		{BF04A9AC-D60A-4D3C-A998-926F7B0384A1}.Release|Any CPU.Build.0 = Release|Any CPU
	EndGlobalSection
	GlobalSection(SolutionProperties) = preSolution
		HideSolutionNode = FALSE
	EndGlobalSection
	GlobalSection(ExtensibilityGlobals) = postSolution
		SolutionGuid = {C2535785-D480-4E78-84C8-BFFE7E8BFB77}
	EndGlobalSection
EndGlobal
